
Microsoft Visual Studio Solution File, Format Version 11.00
# Visual Studio 2010
Project("{F184B08F-C81C-45F6-A57F-5ABD9991F28F}") = "ProjectAplikasiAccounting", "ProjectAplikasiAccounting\ProjectAplikasiAccounting.vbproj", "{8C58625A-FACC-48AF-B873-4109C94B6F78}"
EndProject
Project("{54435603-DBB4-11D2-8724-00A0C9A8B90C}") = "InstallAplikasi", "InstallAplikasi\InstallAplikasi.vdproj", "{67D66703-851F-4831-8D81-CAD64BDB30C0}"
EndProject
Global
	GlobalSection(SolutionConfigurationPlatforms) = preSolution
		Debug|x86 = Debug|x86
		Release|x86 = Release|x86
	EndGlobalSection
	GlobalSection(ProjectConfigurationPlatforms) = postSolution
		{8C58625A-FACC-48AF-B873-4109C94B6F78}.Debug|x86.ActiveCfg = Debug|x86
		{8C58625A-FACC-48AF-B873-4109C94B6F78}.Debug|x86.Build.0 = Debug|x86
		{8C58625A-FACC-48AF-B873-4109C94B6F78}.Release|x86.ActiveCfg = Release|x86
		{8C58625A-FACC-48AF-B873-4109C94B6F78}.Release|x86.Build.0 = Release|x86
		{67D66703-851F-4831-8D81-CAD64BDB30C0}.Debug|x86.ActiveCfg = Debug
		{67D66703-851F-4831-8D81-CAD64BDB30C0}.Release|x86.ActiveCfg = Release
	EndGlobalSection
	GlobalSection(SolutionProperties) = preSolution
		HideSolutionNode = FALSE
	EndGlobalSection
EndGlobal
